
Microsoft Visual Studio Solution File, Format Version 12.00
# Visual Studio Version 17
VisualStudioVersion = 17.7.34031.279
MinimumVisualStudioVersion = 10.0.40219.1
Project("{2150E333-8FDC-42A3-9474-1A3956D46DE8}") = "Creational", "Creational", "{7F27CD5D-59C5-4CE5-9731-B4CABDD47D2F}"
EndProject
Project("{9A19103F-16F7-4668-BE54-9A1E7A4F7556}") = "FactoryMethod", "FactoryMethod\FactoryMethod.csproj", "{123918DB-FD17-4977-BCB6-D6D2C0DD7A1B}"
EndProject
Project("{9A19103F-16F7-4668-BE54-9A1E7A4F7556}") = "AbstractFactoryMethod", "AbstractFactoryMethod\AbstractFactoryMethod.csproj", "{E53DC727-7A7D-43FA-B041-5C759E925F11}"
EndProject
Project("{9A19103F-16F7-4668-BE54-9A1E7A4F7556}") = "Singletone", "Singletone\Singletone.csproj", "{B7654444-7F5D-4ACF-A61B-A2E84D420110}"
EndProject
Project("{9A19103F-16F7-4668-BE54-9A1E7A4F7556}") = "Prototype", "Prototype\Prototype.csproj", "{C935C08D-D0AD-4032-8F04-02B39E697D7C}"
EndProject
Project("{9A19103F-16F7-4668-BE54-9A1E7A4F7556}") = "BuilderPattern", "BuilderPattern\BuilderPattern.csproj", "{00D72CA4-C22A-42DB-A159-857FF505044F}"
EndProject
Project("{2150E333-8FDC-42A3-9474-1A3956D46DE8}") = "Structural", "Structural", "{772DA7E5-B79D-456E-AA37-CA8D964E8D48}"
EndProject
Project("{9A19103F-16F7-4668-BE54-9A1E7A4F7556}") = "Adapter", "Adapter\Adapter.csproj", "{97E29E95-B07E-439F-96EC-00CB92404763}"
EndProject
Project("{9A19103F-16F7-4668-BE54-9A1E7A4F7556}") = "Bridge", "Bridge\Bridge.csproj", "{6183ADA9-6449-4AE8-9D48-CF08BFBCEFCB}"
EndProject
Project("{FAE04EC0-301F-11D3-BF4B-00C04F79EFBC}") = "Composite", "Composite\Composite.csproj", "{7250994C-0D1F-4916-8299-C32112DD2413}"
EndProject
Project("{FAE04EC0-301F-11D3-BF4B-00C04F79EFBC}") = "Decorator", "Decorator\Decorator.csproj", "{E9DA9798-4AA8-421E-AC85-42B8FFE20498}"
EndProject
Project("{FAE04EC0-301F-11D3-BF4B-00C04F79EFBC}") = "Facade", "Facade\Facade.csproj", "{2DE025A7-D7FE-4474-87A9-9B8D896B76A7}"
EndProject
Project("{FAE04EC0-301F-11D3-BF4B-00C04F79EFBC}") = "Flyweight", "Flyweight\Flyweight.csproj", "{0AA290CD-FC48-44F1-B3D7-546AB65F5CE3}"
EndProject
Project("{FAE04EC0-301F-11D3-BF4B-00C04F79EFBC}") = "Proxy", "Proxy\Proxy.csproj", "{B9E51A13-793A-4465-AE99-5139B7418562}"
EndProject
Global
	GlobalSection(SolutionConfigurationPlatforms) = preSolution
		Debug|Any CPU = Debug|Any CPU
		Release|Any CPU = Release|Any CPU
	EndGlobalSection
	GlobalSection(ProjectConfigurationPlatforms) = postSolution
		{123918DB-FD17-4977-BCB6-D6D2C0DD7A1B}.Debug|Any CPU.ActiveCfg = Debug|Any CPU
		{123918DB-FD17-4977-BCB6-D6D2C0DD7A1B}.Debug|Any CPU.Build.0 = Debug|Any CPU
		{123918DB-FD17-4977-BCB6-D6D2C0DD7A1B}.Release|Any CPU.ActiveCfg = Release|Any CPU
		{123918DB-FD17-4977-BCB6-D6D2C0DD7A1B}.Release|Any CPU.Build.0 = Release|Any CPU
		{E53DC727-7A7D-43FA-B041-5C759E925F11}.Debug|Any CPU.ActiveCfg = Debug|Any CPU
		{E53DC727-7A7D-43FA-B041-5C759E925F11}.Debug|Any CPU.Build.0 = Debug|Any CPU
		{E53DC727-7A7D-43FA-B041-5C759E925F11}.Release|Any CPU.ActiveCfg = Release|Any CPU
		{E53DC727-7A7D-43FA-B041-5C759E925F11}.Release|Any CPU.Build.0 = Release|Any CPU
		{B7654444-7F5D-4ACF-A61B-A2E84D420110}.Debug|Any CPU.ActiveCfg = Debug|Any CPU
		{B7654444-7F5D-4ACF-A61B-A2E84D420110}.Debug|Any CPU.Build.0 = Debug|Any CPU
		{B7654444-7F5D-4ACF-A61B-A2E84D420110}.Release|Any CPU.ActiveCfg = Release|Any CPU
		{B7654444-7F5D-4ACF-A61B-A2E84D420110}.Release|Any CPU.Build.0 = Release|Any CPU
		{C935C08D-D0AD-4032-8F04-02B39E697D7C}.Debug|Any CPU.ActiveCfg = Debug|Any CPU
		{C935C08D-D0AD-4032-8F04-02B39E697D7C}.Debug|Any CPU.Build.0 = Debug|Any CPU
		{C935C08D-D0AD-4032-8F04-02B39E697D7C}.Release|Any CPU.ActiveCfg = Release|Any CPU
		{C935C08D-D0AD-4032-8F04-02B39E697D7C}.Release|Any CPU.Build.0 = Release|Any CPU
		{00D72CA4-C22A-42DB-A159-857FF505044F}.Debug|Any CPU.ActiveCfg = Debug|Any CPU
		{00D72CA4-C22A-42DB-A159-857FF505044F}.Debug|Any CPU.Build.0 = Debug|Any CPU
		{00D72CA4-C22A-42DB-A159-857FF505044F}.Release|Any CPU.ActiveCfg = Release|Any CPU
		{00D72CA4-C22A-42DB-A159-857FF505044F}.Release|Any CPU.Build.0 = Release|Any CPU
		{97E29E95-B07E-439F-96EC-00CB92404763}.Debug|Any CPU.ActiveCfg = Debug|Any CPU
		{97E29E95-B07E-439F-96EC-00CB92404763}.Debug|Any CPU.Build.0 = Debug|Any CPU
		{97E29E95-B07E-439F-96EC-00CB92404763}.Release|Any CPU.ActiveCfg = Release|Any CPU
		{97E29E95-B07E-439F-96EC-00CB92404763}.Release|Any CPU.Build.0 = Release|Any CPU
		{6183ADA9-6449-4AE8-9D48-CF08BFBCEFCB}.Debug|Any CPU.ActiveCfg = Debug|Any CPU
		{6183ADA9-6449-4AE8-9D48-CF08BFBCEFCB}.Debug|Any CPU.Build.0 = Debug|Any CPU
		{6183ADA9-6449-4AE8-9D48-CF08BFBCEFCB}.Release|Any CPU.ActiveCfg = Release|Any CPU
		{6183ADA9-6449-4AE8-9D48-CF08BFBCEFCB}.Release|Any CPU.Build.0 = Release|Any CPU
		{7250994C-0D1F-4916-8299-C32112DD2413}.Debug|Any CPU.ActiveCfg = Debug|Any CPU
		{7250994C-0D1F-4916-8299-C32112DD2413}.Debug|Any CPU.Build.0 = Debug|Any CPU
		{7250994C-0D1F-4916-8299-C32112DD2413}.Release|Any CPU.ActiveCfg = Release|Any CPU
		{7250994C-0D1F-4916-8299-C32112DD2413}.Release|Any CPU.Build.0 = Release|Any CPU
		{E9DA9798-4AA8-421E-AC85-42B8FFE20498}.Debug|Any CPU.ActiveCfg = Debug|Any CPU
		{E9DA9798-4AA8-421E-AC85-42B8FFE20498}.Debug|Any CPU.Build.0 = Debug|Any CPU
		{E9DA9798-4AA8-421E-AC85-42B8FFE20498}.Release|Any CPU.ActiveCfg = Release|Any CPU
		{E9DA9798-4AA8-421E-AC85-42B8FFE20498}.Release|Any CPU.Build.0 = Release|Any CPU
		{2DE025A7-D7FE-4474-87A9-9B8D896B76A7}.Debug|Any CPU.ActiveCfg = Debug|Any CPU
		{2DE025A7-D7FE-4474-87A9-9B8D896B76A7}.Debug|Any CPU.Build.0 = Debug|Any CPU
		{2DE025A7-D7FE-4474-87A9-9B8D896B76A7}.Release|Any CPU.ActiveCfg = Release|Any CPU
		{2DE025A7-D7FE-4474-87A9-9B8D896B76A7}.Release|Any CPU.Build.0 = Release|Any CPU
		{0AA290CD-FC48-44F1-B3D7-546AB65F5CE3}.Debug|Any CPU.ActiveCfg = Debug|Any CPU
		{0AA290CD-FC48-44F1-B3D7-546AB65F5CE3}.Debug|Any CPU.Build.0 = Debug|Any CPU
		{0AA290CD-FC48-44F1-B3D7-546AB65F5CE3}.Release|Any CPU.ActiveCfg = Release|Any CPU
		{0AA290CD-FC48-44F1-B3D7-546AB65F5CE3}.Release|Any CPU.Build.0 = Release|Any CPU
		{B9E51A13-793A-4465-AE99-5139B7418562}.Debug|Any CPU.ActiveCfg = Debug|Any CPU
		{B9E51A13-793A-4465-AE99-5139B7418562}.Debug|Any CPU.Build.0 = Debug|Any CPU
		{B9E51A13-793A-4465-AE99-5139B7418562}.Release|Any CPU.ActiveCfg = Release|Any CPU
		{B9E51A13-793A-4465-AE99-5139B7418562}.Release|Any CPU.Build.0 = Release|Any CPU
	EndGlobalSection
	GlobalSection(SolutionProperties) = preSolution
		HideSolutionNode = FALSE
	EndGlobalSection
	GlobalSection(NestedProjects) = preSolution
		{123918DB-FD17-4977-BCB6-D6D2C0DD7A1B} = {7F27CD5D-59C5-4CE5-9731-B4CABDD47D2F}
		{E53DC727-7A7D-43FA-B041-5C759E925F11} = {7F27CD5D-59C5-4CE5-9731-B4CABDD47D2F}
		{B7654444-7F5D-4ACF-A61B-A2E84D420110} = {7F27CD5D-59C5-4CE5-9731-B4CABDD47D2F}
		{C935C08D-D0AD-4032-8F04-02B39E697D7C} = {7F27CD5D-59C5-4CE5-9731-B4CABDD47D2F}
		{00D72CA4-C22A-42DB-A159-857FF505044F} = {7F27CD5D-59C5-4CE5-9731-B4CABDD47D2F}
		{97E29E95-B07E-439F-96EC-00CB92404763} = {772DA7E5-B79D-456E-AA37-CA8D964E8D48}
		{6183ADA9-6449-4AE8-9D48-CF08BFBCEFCB} = {772DA7E5-B79D-456E-AA37-CA8D964E8D48}
		{7250994C-0D1F-4916-8299-C32112DD2413} = {772DA7E5-B79D-456E-AA37-CA8D964E8D48}
		{E9DA9798-4AA8-421E-AC85-42B8FFE20498} = {772DA7E5-B79D-456E-AA37-CA8D964E8D48}
		{2DE025A7-D7FE-4474-87A9-9B8D896B76A7} = {772DA7E5-B79D-456E-AA37-CA8D964E8D48}
		{0AA290CD-FC48-44F1-B3D7-546AB65F5CE3} = {772DA7E5-B79D-456E-AA37-CA8D964E8D48}
		{B9E51A13-793A-4465-AE99-5139B7418562} = {772DA7E5-B79D-456E-AA37-CA8D964E8D48}
	EndGlobalSection
	GlobalSection(ExtensibilityGlobals) = postSolution
		SolutionGuid = {D13F7009-20ED-495F-8FE9-F72C5FA3ACE6}
	EndGlobalSection
EndGlobal
